
Microsoft Visual Studio Solution File, Format Version 12.00
# Visual Studio Version 17
VisualStudioVersion = 17.7.34031.279
MinimumVisualStudioVersion = 10.0.40219.1
Project("{FAE04EC0-301F-11D3-BF4B-00C04F79EFBC}") = "DORSET", "DOREST\DORSET.csproj", "{32C86AF4-5367-4756-92BB-ED25659E8348}"
EndProject
Global
	GlobalSection(SolutionConfigurationPlatforms) = preSolution
		Debug|Any CPU = Debug|Any CPU
		Release|Any CPU = Release|Any CPU
	EndGlobalSection
	GlobalSection(ProjectConfigurationPlatforms) = postSolution
		{32C86AF4-5367-4756-92BB-ED25659E8348}.Debug|Any CPU.ActiveCfg = Debug|Any CPU
		{32C86AF4-5367-4756-92BB-ED25659E8348}.Debug|Any CPU.Build.0 = Debug|Any CPU
		{32C86AF4-5367-4756-92BB-ED25659E8348}.Release|Any CPU.ActiveCfg = Release|Any CPU
		{32C86AF4-5367-4756-92BB-ED25659E8348}.Release|Any CPU.Build.0 = Release|Any CPU
	EndGlobalSection
	GlobalSection(SolutionProperties) = preSolution
		HideSolutionNode = FALSE
	EndGlobalSection
	GlobalSection(ExtensibilityGlobals) = postSolution
		SolutionGuid = {0B0F50C9-19AC-482E-9DF3-407F9B46E391}
	EndGlobalSection
EndGlobal
